// !$*UTF8*$!
{
	archiveVersion = 1;
	classes = {
	};
	objectVersion = 46;
	objects = {

/* Begin PBXBuildFile section */
		3781E2DF14F53A6E006E426E /* libz.dylib in Frameworks */ = {isa = PBXBuildFile; fileRef = 3781E2DE14F53A6E006E426E /* libz.dylib */; };
		3781E2E214F53F49006E426E /* logo.png in Resources */ = {isa = PBXBuildFile; fileRef = 3781E2E114F53F49006E426E /* logo.png */; };
		3781E2E514F53F88006E426E /* Shader.fsh in Resources */ = {isa = PBXBuildFile; fileRef = 3781E2E314F53F88006E426E /* Shader.fsh */; };
		3781E2E614F53F88006E426E /* Shader.vsh in Resources */ = {isa = PBXBuildFile; fileRef = 3781E2E414F53F88006E426E /* Shader.vsh */; };
		3781E30214F5415D006E426E /* png.c in Sources */ = {isa = PBXBuildFile; fileRef = 3781E2EC14F5415D006E426E /* png.c */; };
		3781E30314F5415D006E426E /* pngerror.c in Sources */ = {isa = PBXBuildFile; fileRef = 3781E2F014F5415D006E426E /* pngerror.c */; };
		3781E30414F5415D006E426E /* pngget.c in Sources */ = {isa = PBXBuildFile; fileRef = 3781E2F114F5415D006E426E /* pngget.c */; };
		3781E30514F5415D006E426E /* pngmem.c in Sources */ = {isa = PBXBuildFile; fileRef = 3781E2F414F5415D006E426E /* pngmem.c */; };
		3781E30614F5415D006E426E /* pngpread.c in Sources */ = {isa = PBXBuildFile; fileRef = 3781E2F514F5415D006E426E /* pngpread.c */; };
		3781E30714F5415D006E426E /* pngread.c in Sources */ = {isa = PBXBuildFile; fileRef = 3781E2F714F5415D006E426E /* pngread.c */; };
		3781E30814F5415D006E426E /* pngrio.c in Sources */ = {isa = PBXBuildFile; fileRef = 3781E2F814F5415D006E426E /* pngrio.c */; };
		3781E30914F5415D006E426E /* pngrtran.c in Sources */ = {isa = PBXBuildFile; fileRef = 3781E2F914F5415D006E426E /* pngrtran.c */; };
		3781E30A14F5415D006E426E /* pngrutil.c in Sources */ = {isa = PBXBuildFile; fileRef = 3781E2FA14F5415D006E426E /* pngrutil.c */; };
		3781E30B14F5415D006E426E /* pngset.c in Sources */ = {isa = PBXBuildFile; fileRef = 3781E2FB14F5415D006E426E /* pngset.c */; };
		3781E30C14F5415D006E426E /* pngtrans.c in Sources */ = {isa = PBXBuildFile; fileRef = 3781E2FD14F5415D006E426E /* pngtrans.c */; };
		3781E30D14F5415D006E426E /* pngwio.c in Sources */ = {isa = PBXBuildFile; fileRef = 3781E2FE14F5415D006E426E /* pngwio.c */; };
		3781E30E14F5415D006E426E /* pngwrite.c in Sources */ = {isa = PBXBuildFile; fileRef = 3781E2FF14F5415D006E426E /* pngwrite.c */; };
		3781E30F14F5415D006E426E /* pngwtran.c in Sources */ = {isa = PBXBuildFile; fileRef = 3781E30014F5415D006E426E /* pngwtran.c */; };
		3781E31014F5415D006E426E /* pngwutil.c in Sources */ = {isa = PBXBuildFile; fileRef = 3781E30114F5415D006E426E /* pngwutil.c */; };
		3781E31214F5428F006E426E /* blood.png in Resources */ = {isa = PBXBuildFile; fileRef = 3781E31114F5428F006E426E /* blood.png */; };
		37F11B0D14F6724200363E81 /* Matrix33.cpp in Sources */ = {isa = PBXBuildFile; fileRef = 37F11B0C14F6724200363E81 /* Matrix33.cpp */; };
		37F6F3EC14F530B00028EDC4 /* UIKit.framework in Frameworks */ = {isa = PBXBuildFile; fileRef = 37F6F3EB14F530B00028EDC4 /* UIKit.framework */; };
		37F6F3EE14F530B00028EDC4 /* Foundation.framework in Frameworks */ = {isa = PBXBuildFile; fileRef = 37F6F3ED14F530B00028EDC4 /* Foundation.framework */; };
		37F6F3F014F530B00028EDC4 /* CoreGraphics.framework in Frameworks */ = {isa = PBXBuildFile; fileRef = 37F6F3EF14F530B00028EDC4 /* CoreGraphics.framework */; };
		37F6F3F214F530B00028EDC4 /* GLKit.framework in Frameworks */ = {isa = PBXBuildFile; fileRef = 37F6F3F114F530B00028EDC4 /* GLKit.framework */; };
		37F6F3F414F530B00028EDC4 /* OpenGLES.framework in Frameworks */ = {isa = PBXBuildFile; fileRef = 37F6F3F314F530B00028EDC4 /* OpenGLES.framework */; };
		37F6F3FA14F530B00028EDC4 /* InfoPlist.strings in Resources */ = {isa = PBXBuildFile; fileRef = 37F6F3F814F530B00028EDC4 /* InfoPlist.strings */; };
		37F6F3FC14F530B00028EDC4 /* main.m in Sources */ = {isa = PBXBuildFile; fileRef = 37F6F3FB14F530B00028EDC4 /* main.m */; };
		37F6F40A14F530B00028EDC4 /* ViewController_iPhone.xib in Resources */ = {isa = PBXBuildFile; fileRef = 37F6F40814F530B00028EDC4 /* ViewController_iPhone.xib */; };
		37F6F40D14F530B00028EDC4 /* ViewController_iPad.xib in Resources */ = {isa = PBXBuildFile; fileRef = 37F6F40B14F530B00028EDC4 /* ViewController_iPad.xib */; };
		37F6F42E14F532C70028EDC4 /* MyGame.cpp in Sources */ = {isa = PBXBuildFile; fileRef = 37F6F42B14F532C70028EDC4 /* MyGame.cpp */; };
		37F6F44414F532DC0028EDC4 /* Application.cpp in Sources */ = {isa = PBXBuildFile; fileRef = 37F6F42F14F532DC0028EDC4 /* Application.cpp */; };
		37F6F44514F532DC0028EDC4 /* Device.cpp in Sources */ = {isa = PBXBuildFile; fileRef = 37F6F43214F532DC0028EDC4 /* Device.cpp */; };
		37F6F44614F532DC0028EDC4 /* FileSystem.cpp in Sources */ = {isa = PBXBuildFile; fileRef = 37F6F43414F532DC0028EDC4 /* FileSystem.cpp */; };
		37F6F44714F532DC0028EDC4 /* Graphics2D.cpp in Sources */ = {isa = PBXBuildFile; fileRef = 37F6F43614F532DC0028EDC4 /* Graphics2D.cpp */; };
		37F6F44814F532DC0028EDC4 /* AppDelegate.m in Sources */ = {isa = PBXBuildFile; fileRef = 37F6F43A14F532DC0028EDC4 /* AppDelegate.m */; };
		37F6F44914F532DC0028EDC4 /* ViewController.mm in Sources */ = {isa = PBXBuildFile; fileRef = 37F6F43C14F532DC0028EDC4 /* ViewController.mm */; };
		37F6F44A14F532DC0028EDC4 /* IOSDevice.cpp in Sources */ = {isa = PBXBuildFile; fileRef = 37F6F43D14F532DC0028EDC4 /* IOSDevice.cpp */; };
		37F6F44C14F532DC0028EDC4 /* Texture.cpp in Sources */ = {isa = PBXBuildFile; fileRef = 37F6F44214F532DC0028EDC4 /* Texture.cpp */; };
		C364976414F68E2200E4630A /* LogoState.cpp in Sources */ = {isa = PBXBuildFile; fileRef = C364976214F68E2200E4630A /* LogoState.cpp */; };
/* End PBXBuildFile section */

/* Begin PBXFileReference section */
		3781E2DE14F53A6E006E426E /* libz.dylib */ = {isa = PBXFileReference; lastKnownFileType = "compiled.mach-o.dylib"; name = libz.dylib; path = usr/lib/libz.dylib; sourceTree = SDKROOT; };
		3781E2E114F53F49006E426E /* logo.png */ = {isa = PBXFileReference; lastKnownFileType = image.png; name = logo.png; path = ../../../Binary/logo.png; sourceTree = "<group>"; };
		3781E2E314F53F88006E426E /* Shader.fsh */ = {isa = PBXFileReference; fileEncoding = 4; lastKnownFileType = sourcecode.glsl; name = Shader.fsh; path = ../../../Binary/Shader.fsh; sourceTree = "<group>"; };
		3781E2E414F53F88006E426E /* Shader.vsh */ = {isa = PBXFileReference; fileEncoding = 4; lastKnownFileType = sourcecode.glsl; name = Shader.vsh; path = ../../../Binary/Shader.vsh; sourceTree = "<group>"; };
		3781E2EC14F5415D006E426E /* png.c */ = {isa = PBXFileReference; fileEncoding = 4; lastKnownFileType = sourcecode.c.c; path = png.c; sourceTree = "<group>"; };
		3781E2ED14F5415D006E426E /* png.h */ = {isa = PBXFileReference; fileEncoding = 4; lastKnownFileType = sourcecode.c.h; path = png.h; sourceTree = "<group>"; };
		3781E2EE14F5415D006E426E /* pngconf.h */ = {isa = PBXFileReference; fileEncoding = 4; lastKnownFileType = sourcecode.c.h; path = pngconf.h; sourceTree = "<group>"; };
		3781E2EF14F5415D006E426E /* pngdebug.h */ = {isa = PBXFileReference; fileEncoding = 4; lastKnownFileType = sourcecode.c.h; path = pngdebug.h; sourceTree = "<group>"; };
		3781E2F014F5415D006E426E /* pngerror.c */ = {isa = PBXFileReference; fileEncoding = 4; lastKnownFileType = sourcecode.c.c; path = pngerror.c; sourceTree = "<group>"; };
		3781E2F114F5415D006E426E /* pngget.c */ = {isa = PBXFileReference; fileEncoding = 4; lastKnownFileType = sourcecode.c.c; path = pngget.c; sourceTree = "<group>"; };
		3781E2F214F5415D006E426E /* pnginfo.h */ = {isa = PBXFileReference; fileEncoding = 4; lastKnownFileType = sourcecode.c.h; path = pnginfo.h; sourceTree = "<group>"; };
		3781E2F314F5415D006E426E /* pnglibconf.h */ = {isa = PBXFileReference; fileEncoding = 4; lastKnownFileType = sourcecode.c.h; path = pnglibconf.h; sourceTree = "<group>"; };
		3781E2F414F5415D006E426E /* pngmem.c */ = {isa = PBXFileReference; fileEncoding = 4; lastKnownFileType = sourcecode.c.c; path = pngmem.c; sourceTree = "<group>"; };
		3781E2F514F5415D006E426E /* pngpread.c */ = {isa = PBXFileReference; fileEncoding = 4; lastKnownFileType = sourcecode.c.c; path = pngpread.c; sourceTree = "<group>"; };
		3781E2F614F5415D006E426E /* pngpriv.h */ = {isa = PBXFileReference; fileEncoding = 4; lastKnownFileType = sourcecode.c.h; path = pngpriv.h; sourceTree = "<group>"; };
		3781E2F714F5415D006E426E /* pngread.c */ = {isa = PBXFileReference; fileEncoding = 4; lastKnownFileType = sourcecode.c.c; path = pngread.c; sourceTree = "<group>"; };
		3781E2F814F5415D006E426E /* pngrio.c */ = {isa = PBXFileReference; fileEncoding = 4; lastKnownFileType = sourcecode.c.c; path = pngrio.c; sourceTree = "<group>"; };
		3781E2F914F5415D006E426E /* pngrtran.c */ = {isa = PBXFileReference; fileEncoding = 4; lastKnownFileType = sourcecode.c.c; path = pngrtran.c; sourceTree = "<group>"; };
		3781E2FA14F5415D006E426E /* pngrutil.c */ = {isa = PBXFileReference; fileEncoding = 4; lastKnownFileType = sourcecode.c.c; path = pngrutil.c; sourceTree = "<group>"; };
		3781E2FB14F5415D006E426E /* pngset.c */ = {isa = PBXFileReference; fileEncoding = 4; lastKnownFileType = sourcecode.c.c; path = pngset.c; sourceTree = "<group>"; };
		3781E2FC14F5415D006E426E /* pngstruct.h */ = {isa = PBXFileReference; fileEncoding = 4; lastKnownFileType = sourcecode.c.h; path = pngstruct.h; sourceTree = "<group>"; };
		3781E2FD14F5415D006E426E /* pngtrans.c */ = {isa = PBXFileReference; fileEncoding = 4; lastKnownFileType = sourcecode.c.c; path = pngtrans.c; sourceTree = "<group>"; };
		3781E2FE14F5415D006E426E /* pngwio.c */ = {isa = PBXFileReference; fileEncoding = 4; lastKnownFileType = sourcecode.c.c; path = pngwio.c; sourceTree = "<group>"; };
		3781E2FF14F5415D006E426E /* pngwrite.c */ = {isa = PBXFileReference; fileEncoding = 4; lastKnownFileType = sourcecode.c.c; path = pngwrite.c; sourceTree = "<group>"; };
		3781E30014F5415D006E426E /* pngwtran.c */ = {isa = PBXFileReference; fileEncoding = 4; lastKnownFileType = sourcecode.c.c; path = pngwtran.c; sourceTree = "<group>"; };
		3781E30114F5415D006E426E /* pngwutil.c */ = {isa = PBXFileReference; fileEncoding = 4; lastKnownFileType = sourcecode.c.c; path = pngwutil.c; sourceTree = "<group>"; };
		3781E31114F5428F006E426E /* blood.png */ = {isa = PBXFileReference; lastKnownFileType = image.png; name = blood.png; path = ../../../Binary/blood.png; sourceTree = "<group>"; };
		37D5EBE114F68D4400ECF83F /* BackgroundData.h */ = {isa = PBXFileReference; fileEncoding = 4; lastKnownFileType = sourcecode.c.h; name = BackgroundData.h; path = ../../../Source/Game/BackgroundData.h; sourceTree = "<group>"; };
		37F11B0B14F66FF700363E81 /* Matrix33.h */ = {isa = PBXFileReference; fileEncoding = 4; lastKnownFileType = sourcecode.c.h; name = Matrix33.h; path = ../../../Source/GameEngine/Matrix33.h; sourceTree = "<group>"; };
		37F11B0C14F6724200363E81 /* Matrix33.cpp */ = {isa = PBXFileReference; fileEncoding = 4; lastKnownFileType = sourcecode.cpp.cpp; name = Matrix33.cpp; path = ../../../Source/GameEngine/Matrix33.cpp; sourceTree = "<group>"; };
		37F11B0E14F6828F00363E81 /* Engine.h */ = {isa = PBXFileReference; fileEncoding = 4; lastKnownFileType = sourcecode.c.h; name = Engine.h; path = ../../../Source/GameEngine/Engine.h; sourceTree = "<group>"; };
		37F6F3E714F530B00028EDC4 /* GameEngine.app */ = {isa = PBXFileReference; explicitFileType = wrapper.application; includeInIndex = 0; path = GameEngine.app; sourceTree = BUILT_PRODUCTS_DIR; };
		37F6F3EB14F530B00028EDC4 /* UIKit.framework */ = {isa = PBXFileReference; lastKnownFileType = wrapper.framework; name = UIKit.framework; path = System/Library/Frameworks/UIKit.framework; sourceTree = SDKROOT; };
		37F6F3ED14F530B00028EDC4 /* Foundation.framework */ = {isa = PBXFileReference; lastKnownFileType = wrapper.framework; name = Foundation.framework; path = System/Library/Frameworks/Foundation.framework; sourceTree = SDKROOT; };
		37F6F3EF14F530B00028EDC4 /* CoreGraphics.framework */ = {isa = PBXFileReference; lastKnownFileType = wrapper.framework; name = CoreGraphics.framework; path = System/Library/Frameworks/CoreGraphics.framework; sourceTree = SDKROOT; };
		37F6F3F114F530B00028EDC4 /* GLKit.framework */ = {isa = PBXFileReference; lastKnownFileType = wrapper.framework; name = GLKit.framework; path = System/Library/Frameworks/GLKit.framework; sourceTree = SDKROOT; };
		37F6F3F314F530B00028EDC4 /* OpenGLES.framework */ = {isa = PBXFileReference; lastKnownFileType = wrapper.framework; name = OpenGLES.framework; path = System/Library/Frameworks/OpenGLES.framework; sourceTree = SDKROOT; };
		37F6F3F714F530B00028EDC4 /* GameEngine-Info.plist */ = {isa = PBXFileReference; lastKnownFileType = text.plist.xml; path = "GameEngine-Info.plist"; sourceTree = "<group>"; };
		37F6F3F914F530B00028EDC4 /* en */ = {isa = PBXFileReference; lastKnownFileType = text.plist.strings; name = en; path = en.lproj/InfoPlist.strings; sourceTree = "<group>"; };
		37F6F3FB14F530B00028EDC4 /* main.m */ = {isa = PBXFileReference; lastKnownFileType = sourcecode.c.objc; path = main.m; sourceTree = "<group>"; };
		37F6F3FD14F530B00028EDC4 /* GameEngine-Prefix.pch */ = {isa = PBXFileReference; lastKnownFileType = sourcecode.c.h; path = "GameEngine-Prefix.pch"; sourceTree = "<group>"; };
		37F6F40914F530B00028EDC4 /* en */ = {isa = PBXFileReference; lastKnownFileType = file.xib; name = en; path = en.lproj/ViewController_iPhone.xib; sourceTree = "<group>"; };
		37F6F40C14F530B00028EDC4 /* en */ = {isa = PBXFileReference; lastKnownFileType = file.xib; name = en; path = en.lproj/ViewController_iPad.xib; sourceTree = "<group>"; };
		37F6F42B14F532C70028EDC4 /* MyGame.cpp */ = {isa = PBXFileReference; fileEncoding = 4; lastKnownFileType = sourcecode.cpp.cpp; name = MyGame.cpp; path = ../../../Source/Game/MyGame.cpp; sourceTree = "<group>"; };
		37F6F42C14F532C70028EDC4 /* MyGame.h */ = {isa = PBXFileReference; fileEncoding = 4; lastKnownFileType = sourcecode.c.h; name = MyGame.h; path = ../../../Source/Game/MyGame.h; sourceTree = "<group>"; };
		37F6F42F14F532DC0028EDC4 /* Application.cpp */ = {isa = PBXFileReference; fileEncoding = 4; lastKnownFileType = sourcecode.cpp.cpp; name = Application.cpp; path = ../../../Source/GameEngine/Application.cpp; sourceTree = "<group>"; };
		37F6F43014F532DC0028EDC4 /* Application.h */ = {isa = PBXFileReference; fileEncoding = 4; lastKnownFileType = sourcecode.c.h; name = Application.h; path = ../../../Source/GameEngine/Application.h; sourceTree = "<group>"; };
		37F6F43114F532DC0028EDC4 /* Config.h */ = {isa = PBXFileReference; fileEncoding = 4; lastKnownFileType = sourcecode.c.h; name = Config.h; path = ../../../Source/GameEngine/Config.h; sourceTree = "<group>"; };
		37F6F43214F532DC0028EDC4 /* Device.cpp */ = {isa = PBXFileReference; fileEncoding = 4; lastKnownFileType = sourcecode.cpp.cpp; name = Device.cpp; path = ../../../Source/GameEngine/Device.cpp; sourceTree = "<group>"; };
		37F6F43314F532DC0028EDC4 /* Device.h */ = {isa = PBXFileReference; fileEncoding = 4; lastKnownFileType = sourcecode.c.h; name = Device.h; path = ../../../Source/GameEngine/Device.h; sourceTree = "<group>"; };
		37F6F43414F532DC0028EDC4 /* FileSystem.cpp */ = {isa = PBXFileReference; fileEncoding = 4; lastKnownFileType = sourcecode.cpp.cpp; name = FileSystem.cpp; path = ../../../Source/GameEngine/FileSystem.cpp; sourceTree = "<group>"; };
		37F6F43514F532DC0028EDC4 /* FileSystem.h */ = {isa = PBXFileReference; fileEncoding = 4; lastKnownFileType = sourcecode.c.h; name = FileSystem.h; path = ../../../Source/GameEngine/FileSystem.h; sourceTree = "<group>"; };
		37F6F43614F532DC0028EDC4 /* Graphics2D.cpp */ = {isa = PBXFileReference; fileEncoding = 4; lastKnownFileType = sourcecode.cpp.cpp; name = Graphics2D.cpp; path = ../../../Source/GameEngine/Graphics2D.cpp; sourceTree = "<group>"; };
		37F6F43714F532DC0028EDC4 /* Graphics2D.h */ = {isa = PBXFileReference; fileEncoding = 4; lastKnownFileType = sourcecode.c.h; name = Graphics2D.h; path = ../../../Source/GameEngine/Graphics2D.h; sourceTree = "<group>"; };
		37F6F43914F532DC0028EDC4 /* AppDelegate.h */ = {isa = PBXFileReference; fileEncoding = 4; lastKnownFileType = sourcecode.c.h; path = AppDelegate.h; sourceTree = "<group>"; };
		37F6F43A14F532DC0028EDC4 /* AppDelegate.m */ = {isa = PBXFileReference; fileEncoding = 4; lastKnownFileType = sourcecode.c.objc; path = AppDelegate.m; sourceTree = "<group>"; };
		37F6F43B14F532DC0028EDC4 /* ViewController.h */ = {isa = PBXFileReference; fileEncoding = 4; lastKnownFileType = sourcecode.c.h; path = ViewController.h; sourceTree = "<group>"; };
		37F6F43C14F532DC0028EDC4 /* ViewController.mm */ = {isa = PBXFileReference; fileEncoding = 4; lastKnownFileType = sourcecode.cpp.objcpp; path = ViewController.mm; sourceTree = "<group>"; };
		37F6F43D14F532DC0028EDC4 /* IOSDevice.cpp */ = {isa = PBXFileReference; fileEncoding = 4; lastKnownFileType = sourcecode.cpp.cpp; path = IOSDevice.cpp; sourceTree = "<group>"; };
		37F6F43E14F532DC0028EDC4 /* IOSDevice.h */ = {isa = PBXFileReference; fileEncoding = 4; lastKnownFileType = sourcecode.c.h; path = IOSDevice.h; sourceTree = "<group>"; };
		37F6F44014F532DC0028EDC4 /* Singleton.h */ = {isa = PBXFileReference; fileEncoding = 4; lastKnownFileType = sourcecode.c.h; name = Singleton.h; path = ../../../Source/GameEngine/Singleton.h; sourceTree = "<group>"; };
		37F6F44114F532DC0028EDC4 /* State.h */ = {isa = PBXFileReference; fileEncoding = 4; lastKnownFileType = sourcecode.c.h; name = State.h; path = ../../../Source/GameEngine/State.h; sourceTree = "<group>"; };
		37F6F44214F532DC0028EDC4 /* Texture.cpp */ = {isa = PBXFileReference; fileEncoding = 4; lastKnownFileType = sourcecode.cpp.cpp; name = Texture.cpp; path = ../../../Source/GameEngine/Texture.cpp; sourceTree = "<group>"; };
		37F6F44314F532DC0028EDC4 /* Texture.h */ = {isa = PBXFileReference; fileEncoding = 4; lastKnownFileType = sourcecode.c.h; name = Texture.h; path = ../../../Source/GameEngine/Texture.h; sourceTree = "<group>"; };
		C364976214F68E2200E4630A /* LogoState.cpp */ = {isa = PBXFileReference; fileEncoding = 4; lastKnownFileType = sourcecode.cpp.cpp; path = LogoState.cpp; sourceTree = "<group>"; };
		C364976314F68E2200E4630A /* LogoState.h */ = {isa = PBXFileReference; fileEncoding = 4; lastKnownFileType = sourcecode.c.h; path = LogoState.h; sourceTree = "<group>"; };
/* End PBXFileReference section */

/* Begin PBXFrameworksBuildPhase section */
		37F6F3E414F530B00028EDC4 /* Frameworks */ = {
			isa = PBXFrameworksBuildPhase;
			buildActionMask = 2147483647;
			files = (
				3781E2DF14F53A6E006E426E /* libz.dylib in Frameworks */,
				37F6F3EC14F530B00028EDC4 /* UIKit.framework in Frameworks */,
				37F6F3EE14F530B00028EDC4 /* Foundation.framework in Frameworks */,
				37F6F3F014F530B00028EDC4 /* CoreGraphics.framework in Frameworks */,
				37F6F3F214F530B00028EDC4 /* GLKit.framework in Frameworks */,
				37F6F3F414F530B00028EDC4 /* OpenGLES.framework in Frameworks */,
			);
			runOnlyForDeploymentPostprocessing = 0;
		};
/* End PBXFrameworksBuildPhase section */

/* Begin PBXGroup section */
		3781E2EB14F5415D006E426E /* LIBPNG */ = {
			isa = PBXGroup;
			children = (
				3781E2EC14F5415D006E426E /* png.c */,
				3781E2ED14F5415D006E426E /* png.h */,
				3781E2EE14F5415D006E426E /* pngconf.h */,
				3781E2EF14F5415D006E426E /* pngdebug.h */,
				3781E2F014F5415D006E426E /* pngerror.c */,
				3781E2F114F5415D006E426E /* pngget.c */,
				3781E2F214F5415D006E426E /* pnginfo.h */,
				3781E2F314F5415D006E426E /* pnglibconf.h */,
				3781E2F414F5415D006E426E /* pngmem.c */,
				3781E2F514F5415D006E426E /* pngpread.c */,
				3781E2F614F5415D006E426E /* pngpriv.h */,
				3781E2F714F5415D006E426E /* pngread.c */,
				3781E2F814F5415D006E426E /* pngrio.c */,
				3781E2F914F5415D006E426E /* pngrtran.c */,
				3781E2FA14F5415D006E426E /* pngrutil.c */,
				3781E2FB14F5415D006E426E /* pngset.c */,
				3781E2FC14F5415D006E426E /* pngstruct.h */,
				3781E2FD14F5415D006E426E /* pngtrans.c */,
				3781E2FE14F5415D006E426E /* pngwio.c */,
				3781E2FF14F5415D006E426E /* pngwrite.c */,
				3781E30014F5415D006E426E /* pngwtran.c */,
				3781E30114F5415D006E426E /* pngwutil.c */,
			);
			name = LIBPNG;
			path = ../../Library/LIBPNG;
			sourceTree = "<group>";
		};
		37F11B0714F66FB400363E81 /* Core */ = {
			isa = PBXGroup;
			children = (
				37F11B0914F66FC600363E81 /* Math */,
				37F6F42F14F532DC0028EDC4 /* Application.cpp */,
				37F6F43014F532DC0028EDC4 /* Application.h */,
				37F6F43114F532DC0028EDC4 /* Config.h */,
				37F6F43214F532DC0028EDC4 /* Device.cpp */,
				37F6F43314F532DC0028EDC4 /* Device.h */,
				37F6F43414F532DC0028EDC4 /* FileSystem.cpp */,
				37F6F43514F532DC0028EDC4 /* FileSystem.h */,
				37F6F43614F532DC0028EDC4 /* Graphics2D.cpp */,
				37F6F43714F532DC0028EDC4 /* Graphics2D.h */,
				37F6F44014F532DC0028EDC4 /* Singleton.h */,
				37F6F44114F532DC0028EDC4 /* State.h */,
				37F6F44214F532DC0028EDC4 /* Texture.cpp */,
				37F6F44314F532DC0028EDC4 /* Texture.h */,
				37F11B0E14F6828F00363E81 /* Engine.h */,
			);
			name = Core;
			sourceTree = "<group>";
		};
		37F11B0914F66FC600363E81 /* Math */ = {
			isa = PBXGroup;
			children = (
				37F11B0B14F66FF700363E81 /* Matrix33.h */,
				37F11B0C14F6724200363E81 /* Matrix33.cpp */,
			);
			name = Math;
			sourceTree = "<group>";
		};
		37F6F3DC14F530B00028EDC4 = {
			isa = PBXGroup;
			children = (
				37F6F3F514F530B00028EDC4 /* GameEngine */,
				37F6F3EA14F530B00028EDC4 /* Frameworks */,
				37F6F3E814F530B00028EDC4 /* Products */,
			);
			sourceTree = "<group>";
		};
		37F6F3E814F530B00028EDC4 /* Products */ = {
			isa = PBXGroup;
			children = (
				37F6F3E714F530B00028EDC4 /* GameEngine.app */,
			);
			name = Products;
			sourceTree = "<group>";
		};
		37F6F3EA14F530B00028EDC4 /* Frameworks */ = {
			isa = PBXGroup;
			children = (
				3781E2EB14F5415D006E426E /* LIBPNG */,
				3781E2DE14F53A6E006E426E /* libz.dylib */,
				37F6F3EB14F530B00028EDC4 /* UIKit.framework */,
				37F6F3ED14F530B00028EDC4 /* Foundation.framework */,
				37F6F3EF14F530B00028EDC4 /* CoreGraphics.framework */,
				37F6F3F114F530B00028EDC4 /* GLKit.framework */,
				37F6F3F314F530B00028EDC4 /* OpenGLES.framework */,
			);
			name = Frameworks;
			sourceTree = "<group>";
		};
		37F6F3F514F530B00028EDC4 /* GameEngine */ = {
			isa = PBXGroup;
			children = (
				37F6F42414F532580028EDC4 /* Binary */,
				37F6F42614F5329D0028EDC4 /* Source */,
				37F6F42514F532770028EDC4 /* IOS-Specific */,
			);
			path = GameEngine;
			sourceTree = "<group>";
		};
		37F6F3F614F530B00028EDC4 /* Supporting Files */ = {
			isa = PBXGroup;
			children = (
				37F6F3F714F530B00028EDC4 /* GameEngine-Info.plist */,
				37F6F3F814F530B00028EDC4 /* InfoPlist.strings */,
				37F6F3FB14F530B00028EDC4 /* main.m */,
				37F6F3FD14F530B00028EDC4 /* GameEngine-Prefix.pch */,
			);
			name = "Supporting Files";
			sourceTree = "<group>";
		};
		37F6F42414F532580028EDC4 /* Binary */ = {
			isa = PBXGroup;
			children = (
				3781E31114F5428F006E426E /* blood.png */,
				3781E2E314F53F88006E426E /* Shader.fsh */,
				3781E2E414F53F88006E426E /* Shader.vsh */,
				3781E2E114F53F49006E426E /* logo.png */,
			);
			name = Binary;
			sourceTree = "<group>";
		};
		37F6F42514F532770028EDC4 /* IOS-Specific */ = {
			isa = PBXGroup;
			children = (
				37F6F3F614F530B00028EDC4 /* Supporting Files */,
				37F6F40814F530B00028EDC4 /* ViewController_iPhone.xib */,
				37F6F40B14F530B00028EDC4 /* ViewController_iPad.xib */,
			);
			name = "IOS-Specific";
			sourceTree = "<group>";
		};
		37F6F42614F5329D0028EDC4 /* Source */ = {
			isa = PBXGroup;
			children = (
				37F6F42814F532B90028EDC4 /* Game */,
				37F6F42714F532AE0028EDC4 /* GameEngine */,
			);
			name = Source;
			sourceTree = "<group>";
		};
		37F6F42714F532AE0028EDC4 /* GameEngine */ = {
			isa = PBXGroup;
			children = (
				37F11B0714F66FB400363E81 /* Core */,
				37F6F43814F532DC0028EDC4 /* IOS */,
			);
			name = GameEngine;
			sourceTree = "<group>";
		};
		37F6F42814F532B90028EDC4 /* Game */ = {
			isa = PBXGroup;
			children = (
				C364976014F68DE400E4630A /* GameStates */,
				37F6F42B14F532C70028EDC4 /* MyGame.cpp */,
				37F6F42C14F532C70028EDC4 /* MyGame.h */,
				37D5EBE114F68D4400ECF83F /* BackgroundData.h */,
			);
			name = Game;
			sourceTree = "<group>";
		};
		37F6F43814F532DC0028EDC4 /* IOS */ = {
			isa = PBXGroup;
			children = (
				37F6F43914F532DC0028EDC4 /* AppDelegate.h */,
				37F6F43A14F532DC0028EDC4 /* AppDelegate.m */,
				37F6F43B14F532DC0028EDC4 /* ViewController.h */,
				37F6F43C14F532DC0028EDC4 /* ViewController.mm */,
				37F6F43D14F532DC0028EDC4 /* IOSDevice.cpp */,
				37F6F43E14F532DC0028EDC4 /* IOSDevice.h */,
			);
			name = IOS;
			path = ../../../Source/GameEngine/IOS;
			sourceTree = "<group>";
		};
		C364976014F68DE400E4630A /* GameStates */ = {
			isa = PBXGroup;
			children = (
				C364976214F68E2200E4630A /* LogoState.cpp */,
				C364976314F68E2200E4630A /* LogoState.h */,
			);
			name = GameStates;
			path = ../../../Source/Game/GameStates;
			sourceTree = "<group>";
		};
/* End PBXGroup section */

/* Begin PBXNativeTarget section */
		37F6F3E614F530B00028EDC4 /* GameEngine */ = {
			isa = PBXNativeTarget;
			buildConfigurationList = 37F6F41014F530B00028EDC4 /* Build configuration list for PBXNativeTarget "GameEngine" */;
			buildPhases = (
				37F6F3E314F530B00028EDC4 /* Sources */,
				37F6F3E414F530B00028EDC4 /* Frameworks */,
				37F6F3E514F530B00028EDC4 /* Resources */,
			);
			buildRules = (
			);
			dependencies = (
			);
			name = GameEngine;
			productName = GameEngine;
			productReference = 37F6F3E714F530B00028EDC4 /* GameEngine.app */;
			productType = "com.apple.product-type.application";
		};
/* End PBXNativeTarget section */

/* Begin PBXProject section */
		37F6F3DE14F530B00028EDC4 /* Project object */ = {
			isa = PBXProject;
			attributes = {
				LastUpgradeCheck = 0420;
			};
			buildConfigurationList = 37F6F3E114F530B00028EDC4 /* Build configuration list for PBXProject "GameEngine" */;
			compatibilityVersion = "Xcode 3.2";
			developmentRegion = English;
			hasScannedForEncodings = 0;
			knownRegions = (
				en,
			);
			mainGroup = 37F6F3DC14F530B00028EDC4;
			productRefGroup = 37F6F3E814F530B00028EDC4 /* Products */;
			projectDirPath = "";
			projectRoot = "";
			targets = (
				37F6F3E614F530B00028EDC4 /* GameEngine */,
			);
		};
/* End PBXProject section */

/* Begin PBXResourcesBuildPhase section */
		37F6F3E514F530B00028EDC4 /* Resources */ = {
			isa = PBXResourcesBuildPhase;
			buildActionMask = 2147483647;
			files = (
				37F6F3FA14F530B00028EDC4 /* InfoPlist.strings in Resources */,
				37F6F40A14F530B00028EDC4 /* ViewController_iPhone.xib in Resources */,
				3781E2E514F53F88006E426E /* Shader.fsh in Resources */,
				3781E2E614F53F88006E426E /* Shader.vsh in Resources */,
				37F6F40D14F530B00028EDC4 /* ViewController_iPad.xib in Resources */,
				3781E2E214F53F49006E426E /* logo.png in Resources */,
				3781E31214F5428F006E426E /* blood.png in Resources */,
			);
			runOnlyForDeploymentPostprocessing = 0;
		};
/* End PBXResourcesBuildPhase section */

/* Begin PBXSourcesBuildPhase section */
		37F6F3E314F530B00028EDC4 /* Sources */ = {
			isa = PBXSourcesBuildPhase;
			buildActionMask = 2147483647;
			files = (
				37F6F3FC14F530B00028EDC4 /* main.m in Sources */,
				37F6F42E14F532C70028EDC4 /* MyGame.cpp in Sources */,
				37F6F44414F532DC0028EDC4 /* Application.cpp in Sources */,
				37F6F44514F532DC0028EDC4 /* Device.cpp in Sources */,
				37F6F44614F532DC0028EDC4 /* FileSystem.cpp in Sources */,
				37F6F44714F532DC0028EDC4 /* Graphics2D.cpp in Sources */,
				37F6F44814F532DC0028EDC4 /* AppDelegate.m in Sources */,
				37F6F44914F532DC0028EDC4 /* ViewController.mm in Sources */,
				37F6F44A14F532DC0028EDC4 /* IOSDevice.cpp in Sources */,
				37F6F44C14F532DC0028EDC4 /* Texture.cpp in Sources */,
				3781E30214F5415D006E426E /* png.c in Sources */,
				3781E30314F5415D006E426E /* pngerror.c in Sources */,
				3781E30414F5415D006E426E /* pngget.c in Sources */,
				3781E30514F5415D006E426E /* pngmem.c in Sources */,
				3781E30614F5415D006E426E /* pngpread.c in Sources */,
				3781E30714F5415D006E426E /* pngread.c in Sources */,
				3781E30814F5415D006E426E /* pngrio.c in Sources */,
				3781E30914F5415D006E426E /* pngrtran.c in Sources */,
				3781E30A14F5415D006E426E /* pngrutil.c in Sources */,
				3781E30B14F5415D006E426E /* pngset.c in Sources */,
				3781E30C14F5415D006E426E /* pngtrans.c in Sources */,
				3781E30D14F5415D006E426E /* pngwio.c in Sources */,
				3781E30E14F5415D006E426E /* pngwrite.c in Sources */,
				3781E30F14F5415D006E426E /* pngwtran.c in Sources */,
				3781E31014F5415D006E426E /* pngwutil.c in Sources */,
				37F11B0D14F6724200363E81 /* Matrix33.cpp in Sources */,
				C364976414F68E2200E4630A /* LogoState.cpp in Sources */,
			);
			runOnlyForDeploymentPostprocessing = 0;
		};
/* End PBXSourcesBuildPhase section */

/* Begin PBXVariantGroup section */
		37F6F3F814F530B00028EDC4 /* InfoPlist.strings */ = {
			isa = PBXVariantGroup;
			children = (
				37F6F3F914F530B00028EDC4 /* en */,
			);
			name = InfoPlist.strings;
			sourceTree = "<group>";
		};
		37F6F40814F530B00028EDC4 /* ViewController_iPhone.xib */ = {
			isa = PBXVariantGroup;
			children = (
				37F6F40914F530B00028EDC4 /* en */,
			);
			name = ViewController_iPhone.xib;
			sourceTree = "<group>";
		};
		37F6F40B14F530B00028EDC4 /* ViewController_iPad.xib */ = {
			isa = PBXVariantGroup;
			children = (
				37F6F40C14F530B00028EDC4 /* en */,
			);
			name = ViewController_iPad.xib;
			sourceTree = "<group>";
		};
/* End PBXVariantGroup section */

/* Begin XCBuildConfiguration section */
		37F6F40E14F530B00028EDC4 /* Debug */ = {
			isa = XCBuildConfiguration;
			buildSettings = {
				ALWAYS_SEARCH_USER_PATHS = NO;
				ARCHS = "$(ARCHS_STANDARD_32_BIT)";
				CODE_SIGN_IDENTITY = "iPhone Developer";
				"CODE_SIGN_IDENTITY[sdk=iphoneos*]" = "iPhone Developer";
				COMPRESS_PNG_FILES = NO;
				COPY_PHASE_STRIP = NO;
				GCC_C_LANGUAGE_STANDARD = gnu99;
				GCC_DYNAMIC_NO_PIC = NO;
				GCC_OPTIMIZATION_LEVEL = 0;
				GCC_PREPROCESSOR_DEFINITIONS = (
					"DEBUG=1",
					"$(inherited)",
				);
				GCC_SYMBOLS_PRIVATE_EXTERN = NO;
				GCC_VERSION = com.apple.compilers.llvm.clang.1_0;
				GCC_WARN_ABOUT_MISSING_PROTOTYPES = YES;
				GCC_WARN_ABOUT_RETURN_TYPE = YES;
				GCC_WARN_UNUSED_VARIABLE = YES;
				IPHONEOS_DEPLOYMENT_TARGET = 5.0;
				PROVISIONING_PROFILE = "";
				SDKROOT = iphoneos;
				TARGETED_DEVICE_FAMILY = "1,2";
			};
			name = Debug;
		};
		37F6F40F14F530B00028EDC4 /* Release */ = {
			isa = XCBuildConfiguration;
			buildSettings = {
				ALWAYS_SEARCH_USER_PATHS = NO;
				ARCHS = "$(ARCHS_STANDARD_32_BIT)";
				CODE_SIGN_IDENTITY = "iPhone Developer";
				"CODE_SIGN_IDENTITY[sdk=iphoneos*]" = "iPhone Developer";
				COMPRESS_PNG_FILES = NO;
				COPY_PHASE_STRIP = YES;
				GCC_C_LANGUAGE_STANDARD = gnu99;
				GCC_VERSION = com.apple.compilers.llvm.clang.1_0;
				GCC_WARN_ABOUT_MISSING_PROTOTYPES = YES;
				GCC_WARN_ABOUT_RETURN_TYPE = YES;
				GCC_WARN_UNUSED_VARIABLE = YES;
				IPHONEOS_DEPLOYMENT_TARGET = 5.0;
				OTHER_CFLAGS = "-DNS_BLOCK_ASSERTIONS=1";
				PROVISIONING_PROFILE = "";
				SDKROOT = iphoneos;
				TARGETED_DEVICE_FAMILY = "1,2";
				VALIDATE_PRODUCT = YES;
			};
			name = Release;
		};
		37F6F41114F530B00028EDC4 /* Debug */ = {
			isa = XCBuildConfiguration;
			buildSettings = {
				GCC_PRECOMPILE_PREFIX_HEADER = YES;
				GCC_PREFIX_HEADER = "GameEngine/GameEngine-Prefix.pch";
				"GCC_THUMB_SUPPORT[arch=armv6]" = "";
				INFOPLIST_FILE = "GameEngine/GameEngine-Info.plist";
				PRODUCT_NAME = "$(TARGET_NAME)";
				WRAPPER_EXTENSION = app;
			};
			name = Debug;
		};
		37F6F41214F530B00028EDC4 /* Release */ = {
			isa = XCBuildConfiguration;
			buildSettings = {
				GCC_PRECOMPILE_PREFIX_HEADER = YES;
				GCC_PREFIX_HEADER = "GameEngine/GameEngine-Prefix.pch";
				"GCC_THUMB_SUPPORT[arch=armv6]" = "";
				INFOPLIST_FILE = "GameEngine/GameEngine-Info.plist";
				PRODUCT_NAME = "$(TARGET_NAME)";
				WRAPPER_EXTENSION = app;
			};
			name = Release;
		};
/* End XCBuildConfiguration section */

/* Begin XCConfigurationList section */
		37F6F3E114F530B00028EDC4 /* Build configuration list for PBXProject "GameEngine" */ = {
			isa = XCConfigurationList;
			buildConfigurations = (
				37F6F40E14F530B00028EDC4 /* Debug */,
				37F6F40F14F530B00028EDC4 /* Release */,
			);
			defaultConfigurationIsVisible = 0;
			defaultConfigurationName = Release;
		};
		37F6F41014F530B00028EDC4 /* Build configuration list for PBXNativeTarget "GameEngine" */ = {
			isa = XCConfigurationList;
			buildConfigurations = (
				37F6F41114F530B00028EDC4 /* Debug */,
				37F6F41214F530B00028EDC4 /* Release */,
			);
			defaultConfigurationIsVisible = 0;
			defaultConfigurationName = Release;
		};
/* End XCConfigurationList section */
	};
	rootObject = 37F6F3DE14F530B00028EDC4 /* Project object */;
}
