// !$*UTF8*$!
{
	archiveVersion = 1;
	classes = {
	};
	objectVersion = 46;
	objects = {

/* Begin PBXBuildFile section */
		37F6F3EC14F530B00028EDC4 /* UIKit.framework in Frameworks */ = {isa = PBXBuildFile; fileRef = 37F6F3EB14F530B00028EDC4 /* UIKit.framework */; };
		37F6F3EE14F530B00028EDC4 /* Foundation.framework in Frameworks */ = {isa = PBXBuildFile; fileRef = 37F6F3ED14F530B00028EDC4 /* Foundation.framework */; };
		37F6F3F014F530B00028EDC4 /* CoreGraphics.framework in Frameworks */ = {isa = PBXBuildFile; fileRef = 37F6F3EF14F530B00028EDC4 /* CoreGraphics.framework */; };
		37F6F3F214F530B00028EDC4 /* GLKit.framework in Frameworks */ = {isa = PBXBuildFile; fileRef = 37F6F3F114F530B00028EDC4 /* GLKit.framework */; };
		37F6F3F414F530B00028EDC4 /* OpenGLES.framework in Frameworks */ = {isa = PBXBuildFile; fileRef = 37F6F3F314F530B00028EDC4 /* OpenGLES.framework */; };
		37F6F3FA14F530B00028EDC4 /* InfoPlist.strings in Resources */ = {isa = PBXBuildFile; fileRef = 37F6F3F814F530B00028EDC4 /* InfoPlist.strings */; };
		37F6F3FC14F530B00028EDC4 /* main.m in Sources */ = {isa = PBXBuildFile; fileRef = 37F6F3FB14F530B00028EDC4 /* main.m */; };
		37F6F40014F530B00028EDC4 /* AppDelegate.m in Sources */ = {isa = PBXBuildFile; fileRef = 37F6F3FF14F530B00028EDC4 /* AppDelegate.m */; };
		37F6F40214F530B00028EDC4 /* Shader.fsh in Resources */ = {isa = PBXBuildFile; fileRef = 37F6F40114F530B00028EDC4 /* Shader.fsh */; };
		37F6F40414F530B00028EDC4 /* Shader.vsh in Resources */ = {isa = PBXBuildFile; fileRef = 37F6F40314F530B00028EDC4 /* Shader.vsh */; };
		37F6F40714F530B00028EDC4 /* ViewController.m in Sources */ = {isa = PBXBuildFile; fileRef = 37F6F40614F530B00028EDC4 /* ViewController.m */; };
		37F6F40A14F530B00028EDC4 /* ViewController_iPhone.xib in Resources */ = {isa = PBXBuildFile; fileRef = 37F6F40814F530B00028EDC4 /* ViewController_iPhone.xib */; };
		37F6F40D14F530B00028EDC4 /* ViewController_iPad.xib in Resources */ = {isa = PBXBuildFile; fileRef = 37F6F40B14F530B00028EDC4 /* ViewController_iPad.xib */; };
/* End PBXBuildFile section */

/* Begin PBXFileReference section */
		37F6F3E714F530B00028EDC4 /* GameEngine.app */ = {isa = PBXFileReference; explicitFileType = wrapper.application; includeInIndex = 0; path = GameEngine.app; sourceTree = BUILT_PRODUCTS_DIR; };
		37F6F3EB14F530B00028EDC4 /* UIKit.framework */ = {isa = PBXFileReference; lastKnownFileType = wrapper.framework; name = UIKit.framework; path = System/Library/Frameworks/UIKit.framework; sourceTree = SDKROOT; };
		37F6F3ED14F530B00028EDC4 /* Foundation.framework */ = {isa = PBXFileReference; lastKnownFileType = wrapper.framework; name = Foundation.framework; path = System/Library/Frameworks/Foundation.framework; sourceTree = SDKROOT; };
		37F6F3EF14F530B00028EDC4 /* CoreGraphics.framework */ = {isa = PBXFileReference; lastKnownFileType = wrapper.framework; name = CoreGraphics.framework; path = System/Library/Frameworks/CoreGraphics.framework; sourceTree = SDKROOT; };
		37F6F3F114F530B00028EDC4 /* GLKit.framework */ = {isa = PBXFileReference; lastKnownFileType = wrapper.framework; name = GLKit.framework; path = System/Library/Frameworks/GLKit.framework; sourceTree = SDKROOT; };
		37F6F3F314F530B00028EDC4 /* OpenGLES.framework */ = {isa = PBXFileReference; lastKnownFileType = wrapper.framework; name = OpenGLES.framework; path = System/Library/Frameworks/OpenGLES.framework; sourceTree = SDKROOT; };
		37F6F3F714F530B00028EDC4 /* GameEngine-Info.plist */ = {isa = PBXFileReference; path = "GameEngine-Info.plist"; sourceTree = "<group>"; };
		37F6F3F914F530B00028EDC4 /* en */ = {isa = PBXFileReference; lastKnownFileType = text.plist.strings; name = en; path = en.lproj/InfoPlist.strings; sourceTree = "<group>"; };
		37F6F3FB14F530B00028EDC4 /* main.m */ = {isa = PBXFileReference; lastKnownFileType = sourcecode.c.objc; path = main.m; sourceTree = "<group>"; };
		37F6F3FD14F530B00028EDC4 /* GameEngine-Prefix.pch */ = {isa = PBXFileReference; path = "GameEngine-Prefix.pch"; sourceTree = "<group>"; };
		37F6F3FE14F530B00028EDC4 /* AppDelegate.h */ = {isa = PBXFileReference; path = AppDelegate.h; sourceTree = "<group>"; };
		37F6F3FF14F530B00028EDC4 /* AppDelegate.m */ = {isa = PBXFileReference; lastKnownFileType = sourcecode.c.objc; path = AppDelegate.m; sourceTree = "<group>"; };
		37F6F40114F530B00028EDC4 /* Shader.fsh */ = {isa = PBXFileReference; lastKnownFileType = sourcecode.glsl; name = Shader.fsh; path = Shaders/Shader.fsh; sourceTree = "<group>"; };
		37F6F40314F530B00028EDC4 /* Shader.vsh */ = {isa = PBXFileReference; lastKnownFileType = sourcecode.glsl; name = Shader.vsh; path = Shaders/Shader.vsh; sourceTree = "<group>"; };
		37F6F40514F530B00028EDC4 /* ViewController.h */ = {isa = PBXFileReference; path = ViewController.h; sourceTree = "<group>"; };
		37F6F40614F530B00028EDC4 /* ViewController.m */ = {isa = PBXFileReference; lastKnownFileType = sourcecode.c.objc; path = ViewController.m; sourceTree = "<group>"; };
		37F6F40914F530B00028EDC4 /* en */ = {isa = PBXFileReference; lastKnownFileType = file.xib; name = en; path = en.lproj/ViewController_iPhone.xib; sourceTree = "<group>"; };
		37F6F40C14F530B00028EDC4 /* en */ = {isa = PBXFileReference; lastKnownFileType = file.xib; name = en; path = en.lproj/ViewController_iPad.xib; sourceTree = "<group>"; };
/* End PBXFileReference section */

/* Begin PBXFrameworksBuildPhase section */
		37F6F3E414F530B00028EDC4 /* Frameworks */ = {
			isa = PBXFrameworksBuildPhase;
			buildActionMask = 2147483647;
			files = (
				37F6F3EC14F530B00028EDC4 /* UIKit.framework in Frameworks */,
				37F6F3EE14F530B00028EDC4 /* Foundation.framework in Frameworks */,
				37F6F3F014F530B00028EDC4 /* CoreGraphics.framework in Frameworks */,
				37F6F3F214F530B00028EDC4 /* GLKit.framework in Frameworks */,
				37F6F3F414F530B00028EDC4 /* OpenGLES.framework in Frameworks */,
			);
			runOnlyForDeploymentPostprocessing = 0;
		};
/* End PBXFrameworksBuildPhase section */

/* Begin PBXGroup section */
		37F6F3DC14F530B00028EDC4 = {
			isa = PBXGroup;
			children = (
				37F6F3F514F530B00028EDC4 /* GameEngine */,
				37F6F3EA14F530B00028EDC4 /* Frameworks */,
				37F6F3E814F530B00028EDC4 /* Products */,
			);
			sourceTree = "<group>";
		};
		37F6F3E814F530B00028EDC4 /* Products */ = {
			isa = PBXGroup;
			children = (
				37F6F3E714F530B00028EDC4 /* GameEngine.app */,
			);
			name = Products;
			sourceTree = "<group>";
		};
		37F6F3EA14F530B00028EDC4 /* Frameworks */ = {
			isa = PBXGroup;
			children = (
				37F6F3EB14F530B00028EDC4 /* UIKit.framework */,
				37F6F3ED14F530B00028EDC4 /* Foundation.framework */,
				37F6F3EF14F530B00028EDC4 /* CoreGraphics.framework */,
				37F6F3F114F530B00028EDC4 /* GLKit.framework */,
				37F6F3F314F530B00028EDC4 /* OpenGLES.framework */,
			);
			name = Frameworks;
			sourceTree = "<group>";
		};
		37F6F3F514F530B00028EDC4 /* GameEngine */ = {
			isa = PBXGroup;
			children = (
				37F6F3FE14F530B00028EDC4 /* AppDelegate.h */,
				37F6F3FF14F530B00028EDC4 /* AppDelegate.m */,
				37F6F40114F530B00028EDC4 /* Shader.fsh */,
				37F6F40314F530B00028EDC4 /* Shader.vsh */,
				37F6F40514F530B00028EDC4 /* ViewController.h */,
				37F6F40614F530B00028EDC4 /* ViewController.m */,
				37F6F40814F530B00028EDC4 /* ViewController_iPhone.xib */,
				37F6F40B14F530B00028EDC4 /* ViewController_iPad.xib */,
				37F6F3F614F530B00028EDC4 /* Supporting Files */,
			);
			path = GameEngine;
			sourceTree = "<group>";
		};
		37F6F3F614F530B00028EDC4 /* Supporting Files */ = {
			isa = PBXGroup;
			children = (
				37F6F3F714F530B00028EDC4 /* GameEngine-Info.plist */,
				37F6F3F814F530B00028EDC4 /* InfoPlist.strings */,
				37F6F3FB14F530B00028EDC4 /* main.m */,
				37F6F3FD14F530B00028EDC4 /* GameEngine-Prefix.pch */,
			);
			name = "Supporting Files";
			sourceTree = "<group>";
		};
/* End PBXGroup section */

/* Begin PBXNativeTarget section */
		37F6F3E614F530B00028EDC4 /* GameEngine */ = {
			isa = PBXNativeTarget;
			buildConfigurationList = 37F6F41014F530B00028EDC4 /* Build configuration list for PBXNativeTarget "GameEngine" */;
			buildPhases = (
				37F6F3E314F530B00028EDC4 /* Sources */,
				37F6F3E414F530B00028EDC4 /* Frameworks */,
				37F6F3E514F530B00028EDC4 /* Resources */,
			);
			buildRules = (
			);
			dependencies = (
			);
			name = GameEngine;
			productName = GameEngine;
			productReference = 37F6F3E714F530B00028EDC4 /* GameEngine.app */;
			productType = "com.apple.product-type.application";
		};
/* End PBXNativeTarget section */

/* Begin PBXProject section */
		37F6F3DE14F530B00028EDC4 /* Project object */ = {
			isa = PBXProject;
			attributes = {
				LastUpgradeCheck = 0420;
			};
			buildConfigurationList = 37F6F3E114F530B00028EDC4 /* Build configuration list for PBXProject "GameEngine" */;
			compatibilityVersion = "Xcode 3.2";
			developmentRegion = English;
			hasScannedForEncodings = 0;
			knownRegions = (
				en,
			);
			mainGroup = 37F6F3DC14F530B00028EDC4;
			productRefGroup = 37F6F3E814F530B00028EDC4 /* Products */;
			projectDirPath = "";
			projectRoot = "";
			targets = (
				37F6F3E614F530B00028EDC4 /* GameEngine */,
			);
		};
/* End PBXProject section */

/* Begin PBXResourcesBuildPhase section */
		37F6F3E514F530B00028EDC4 /* Resources */ = {
			isa = PBXResourcesBuildPhase;
			buildActionMask = 2147483647;
			files = (
				37F6F3FA14F530B00028EDC4 /* InfoPlist.strings in Resources */,
				37F6F40214F530B00028EDC4 /* Shader.fsh in Resources */,
				37F6F40414F530B00028EDC4 /* Shader.vsh in Resources */,
				37F6F40A14F530B00028EDC4 /* ViewController_iPhone.xib in Resources */,
				37F6F40D14F530B00028EDC4 /* ViewController_iPad.xib in Resources */,
			);
			runOnlyForDeploymentPostprocessing = 0;
		};
/* End PBXResourcesBuildPhase section */

/* Begin PBXSourcesBuildPhase section */
		37F6F3E314F530B00028EDC4 /* Sources */ = {
			isa = PBXSourcesBuildPhase;
			buildActionMask = 2147483647;
			files = (
				37F6F3FC14F530B00028EDC4 /* main.m in Sources */,
				37F6F40014F530B00028EDC4 /* AppDelegate.m in Sources */,
				37F6F40714F530B00028EDC4 /* ViewController.m in Sources */,
			);
			runOnlyForDeploymentPostprocessing = 0;
		};
/* End PBXSourcesBuildPhase section */

/* Begin PBXVariantGroup section */
		37F6F3F814F530B00028EDC4 /* InfoPlist.strings */ = {
			isa = PBXVariantGroup;
			children = (
				37F6F3F914F530B00028EDC4 /* en */,
			);
			name = InfoPlist.strings;
			sourceTree = "<group>";
		};
		37F6F40814F530B00028EDC4 /* ViewController_iPhone.xib */ = {
			isa = PBXVariantGroup;
			children = (
				37F6F40914F530B00028EDC4 /* en */,
			);
			name = ViewController_iPhone.xib;
			sourceTree = "<group>";
		};
		37F6F40B14F530B00028EDC4 /* ViewController_iPad.xib */ = {
			isa = PBXVariantGroup;
			children = (
				37F6F40C14F530B00028EDC4 /* en */,
			);
			name = ViewController_iPad.xib;
			sourceTree = "<group>";
		};
/* End PBXVariantGroup section */

/* Begin XCBuildConfiguration section */
		37F6F40E14F530B00028EDC4 /* Debug */ = {
			isa = XCBuildConfiguration;
			buildSettings = {
				ALWAYS_SEARCH_USER_PATHS = NO;
				ARCHS = "$(ARCHS_STANDARD_32_BIT)";
				"CODE_SIGN_IDENTITY[sdk=iphoneos*]" = "iPhone Developer";
				COPY_PHASE_STRIP = NO;
				GCC_C_LANGUAGE_STANDARD = gnu99;
				GCC_DYNAMIC_NO_PIC = NO;
				GCC_OPTIMIZATION_LEVEL = 0;
				GCC_PREPROCESSOR_DEFINITIONS = (
					"DEBUG=1",
					"$(inherited)",
				);
				GCC_SYMBOLS_PRIVATE_EXTERN = NO;
				GCC_VERSION = com.apple.compilers.llvm.clang.1_0;
				GCC_WARN_ABOUT_MISSING_PROTOTYPES = YES;
				GCC_WARN_ABOUT_RETURN_TYPE = YES;
				GCC_WARN_UNUSED_VARIABLE = YES;
				IPHONEOS_DEPLOYMENT_TARGET = 5.0;
				SDKROOT = iphoneos;
				TARGETED_DEVICE_FAMILY = "1,2";
			};
			name = Debug;
		};
		37F6F40F14F530B00028EDC4 /* Release */ = {
			isa = XCBuildConfiguration;
			buildSettings = {
				ALWAYS_SEARCH_USER_PATHS = NO;
				ARCHS = "$(ARCHS_STANDARD_32_BIT)";
				"CODE_SIGN_IDENTITY[sdk=iphoneos*]" = "iPhone Developer";
				COPY_PHASE_STRIP = YES;
				GCC_C_LANGUAGE_STANDARD = gnu99;
				GCC_VERSION = com.apple.compilers.llvm.clang.1_0;
				GCC_WARN_ABOUT_MISSING_PROTOTYPES = YES;
				GCC_WARN_ABOUT_RETURN_TYPE = YES;
				GCC_WARN_UNUSED_VARIABLE = YES;
				IPHONEOS_DEPLOYMENT_TARGET = 5.0;
				OTHER_CFLAGS = "-DNS_BLOCK_ASSERTIONS=1";
				SDKROOT = iphoneos;
				TARGETED_DEVICE_FAMILY = "1,2";
				VALIDATE_PRODUCT = YES;
			};
			name = Release;
		};
		37F6F41114F530B00028EDC4 /* Debug */ = {
			isa = XCBuildConfiguration;
			buildSettings = {
				GCC_PRECOMPILE_PREFIX_HEADER = YES;
				GCC_PREFIX_HEADER = "GameEngine/GameEngine-Prefix.pch";
				"GCC_THUMB_SUPPORT[arch=armv6]" = "";
				INFOPLIST_FILE = "GameEngine/GameEngine-Info.plist";
				PRODUCT_NAME = "$(TARGET_NAME)";
				WRAPPER_EXTENSION = app;
			};
			name = Debug;
		};
		37F6F41214F530B00028EDC4 /* Release */ = {
			isa = XCBuildConfiguration;
			buildSettings = {
				GCC_PRECOMPILE_PREFIX_HEADER = YES;
				GCC_PREFIX_HEADER = "GameEngine/GameEngine-Prefix.pch";
				"GCC_THUMB_SUPPORT[arch=armv6]" = "";
				INFOPLIST_FILE = "GameEngine/GameEngine-Info.plist";
				PRODUCT_NAME = "$(TARGET_NAME)";
				WRAPPER_EXTENSION = app;
			};
			name = Release;
		};
/* End XCBuildConfiguration section */

/* Begin XCConfigurationList section */
		37F6F3E114F530B00028EDC4 /* Build configuration list for PBXProject "GameEngine" */ = {
			isa = XCConfigurationList;
			buildConfigurations = (
				37F6F40E14F530B00028EDC4 /* Debug */,
				37F6F40F14F530B00028EDC4 /* Release */,
			);
			defaultConfigurationIsVisible = 0;
			defaultConfigurationName = Release;
		};
		37F6F41014F530B00028EDC4 /* Build configuration list for PBXNativeTarget "GameEngine" */ = {
			isa = XCConfigurationList;
			buildConfigurations = (
				37F6F41114F530B00028EDC4 /* Debug */,
				37F6F41214F530B00028EDC4 /* Release */,
			);
			defaultConfigurationIsVisible = 0;
		};
/* End XCConfigurationList section */
	};
	rootObject = 37F6F3DE14F530B00028EDC4 /* Project object */;
}
